
Microsoft Visual Studio Solution File, Format Version 12.00
# Visual Studio Version 17
VisualStudioVersion = 17.3.32811.315
MinimumVisualStudioVersion = 10.0.40219.1
Project("{2150E333-8FDC-42A3-9474-1A3956D46DE8}") = "Solution Items", "Solution Items", "{BD7C1F38-14BA-47FA-9CD4-EF85A9558427}"
	ProjectSection(SolutionItems) = preProject
		..\README.md = ..\README.md
	EndProjectSection
EndProject
Project("{FAE04EC0-301F-11D3-BF4B-00C04F79EFBC}") = "RemoteService", "RemoteService.csproj", "{FDA9CE63-5B6B-403F-9BD1-9C1E3ACBCA88}"
EndProject
Global
	GlobalSection(SolutionConfigurationPlatforms) = preSolution
		Debug|Any CPU = Debug|Any CPU
		Release|Any CPU = Release|Any CPU
	EndGlobalSection
	GlobalSection(ProjectConfigurationPlatforms) = postSolution
		{FDA9CE63-5B6B-403F-9BD1-9C1E3ACBCA88}.Debug|Any CPU.ActiveCfg = Debug|Any CPU
		{FDA9CE63-5B6B-403F-9BD1-9C1E3ACBCA88}.Debug|Any CPU.Build.0 = Debug|Any CPU
		{FDA9CE63-5B6B-403F-9BD1-9C1E3ACBCA88}.Release|Any CPU.ActiveCfg = Release|Any CPU
		{FDA9CE63-5B6B-403F-9BD1-9C1E3ACBCA88}.Release|Any CPU.Build.0 = Release|Any CPU
	EndGlobalSection
	GlobalSection(SolutionProperties) = preSolution
		HideSolutionNode = FALSE
	EndGlobalSection
	GlobalSection(ExtensibilityGlobals) = postSolution
		SolutionGuid = {983FD18D-5652-4A6D-8022-D6F976F51F73}
	EndGlobalSection
EndGlobal
